
Microsoft Visual Studio Solution File, Format Version 12.00
# Visual Studio Version 16
VisualStudioVersion = 16.0.29503.13
MinimumVisualStudioVersion = 10.0.40219.1
Project("{FAE04EC0-301F-11D3-BF4B-00C04F79EFBC}") = "Day4", "Day4.csproj", "{E90C413F-C271-4B6B-82D3-0A9BEB5F3425}"
EndProject
Global
	GlobalSection(SolutionConfigurationPlatforms) = preSolution
		Debug|Any CPU = Debug|Any CPU
		Release|Any CPU = Release|Any CPU
	EndGlobalSection
	GlobalSection(ProjectConfigurationPlatforms) = postSolution
		{E90C413F-C271-4B6B-82D3-0A9BEB5F3425}.Debug|Any CPU.ActiveCfg = Debug|Any CPU
		{E90C413F-C271-4B6B-82D3-0A9BEB5F3425}.Debug|Any CPU.Build.0 = Debug|Any CPU
		{E90C413F-C271-4B6B-82D3-0A9BEB5F3425}.Release|Any CPU.ActiveCfg = Release|Any CPU
		{E90C413F-C271-4B6B-82D3-0A9BEB5F3425}.Release|Any CPU.Build.0 = Release|Any CPU
	EndGlobalSection
	GlobalSection(SolutionProperties) = preSolution
		HideSolutionNode = FALSE
	EndGlobalSection
	GlobalSection(ExtensibilityGlobals) = postSolution
		SolutionGuid = {6A38DDE3-A67D-4228-9F9F-720FD8988138}
	EndGlobalSection
EndGlobal
