
Microsoft Visual Studio Solution File, Format Version 12.00
# Visual Studio Version 16
VisualStudioVersion = 16.0.29326.143
MinimumVisualStudioVersion = 10.0.40219.1
Project("{FAE04EC0-301F-11D3-BF4B-00C04F79EFBC}") = "Day5", "Day5.csproj", "{D94651CB-BB2B-4DE2-9E8E-93FF22618FBC}"
EndProject
Global
	GlobalSection(SolutionConfigurationPlatforms) = preSolution
		Debug|Any CPU = Debug|Any CPU
		Release|Any CPU = Release|Any CPU
	EndGlobalSection
	GlobalSection(ProjectConfigurationPlatforms) = postSolution
		{D94651CB-BB2B-4DE2-9E8E-93FF22618FBC}.Debug|Any CPU.ActiveCfg = Debug|Any CPU
		{D94651CB-BB2B-4DE2-9E8E-93FF22618FBC}.Debug|Any CPU.Build.0 = Debug|Any CPU
		{D94651CB-BB2B-4DE2-9E8E-93FF22618FBC}.Release|Any CPU.ActiveCfg = Release|Any CPU
		{D94651CB-BB2B-4DE2-9E8E-93FF22618FBC}.Release|Any CPU.Build.0 = Release|Any CPU
	EndGlobalSection
	GlobalSection(SolutionProperties) = preSolution
		HideSolutionNode = FALSE
	EndGlobalSection
	GlobalSection(ExtensibilityGlobals) = postSolution
		SolutionGuid = {BA468084-B47A-4007-94CA-7BCEC30774DF}
	EndGlobalSection
EndGlobal
